Microsoft Visual Studio Solution File, Format Version 12.00
# Visual Studio Version 17
VisualStudioVersion = 17.5.2.0
MinimumVisualStudioVersion = 10.0.40219.1
Project("{FAE04EC0-301F-11D3-BF4B-00C04F79EFBC}") = "OdontoApi", "OdontoApi.csproj", "{103080AA-7C3E-D7E6-21A0-2E44A42A8222}"
EndProject
Global
	GlobalSection(SolutionConfigurationPlatforms) = preSolution
		Debug|Any CPU = Debug|Any CPU
		Release|Any CPU = Release|Any CPU
	EndGlobalSection
	GlobalSection(ProjectConfigurationPlatforms) = postSolution
		{103080AA-7C3E-D7E6-21A0-2E44A42A8222}.Debug|Any CPU.ActiveCfg = Debug|Any CPU
		{103080AA-7C3E-D7E6-21A0-2E44A42A8222}.Debug|Any CPU.Build.0 = Debug|Any CPU
		{103080AA-7C3E-D7E6-21A0-2E44A42A8222}.Release|Any CPU.ActiveCfg = Release|Any CPU
		{103080AA-7C3E-D7E6-21A0-2E44A42A8222}.Release|Any CPU.Build.0 = Release|Any CPU
	EndGlobalSection
	GlobalSection(SolutionProperties) = preSolution
		HideSolutionNode = FALSE
	EndGlobalSection
	GlobalSection(ExtensibilityGlobals) = postSolution
		SolutionGuid = {CBA9494A-0004-4634-9C2E-E5EB8774D5E9}
	EndGlobalSection
EndGlobal
